// !$*UTF8*$!
{
	archiveVersion = 1;
	classes = {
	};
	objectVersion = 55;
	objects = {

/* Begin PBXBuildFile section */
		3617761B2757774E00509772 /* AbstractErrorParser.swift in Sources */ = {isa = PBXBuildFile; fileRef = 3617761A2757774E00509772 /* AbstractErrorParser.swift */; };
		3617761D275777C000509772 /* ErrorParser.swift in Sources */ = {isa = PBXBuildFile; fileRef = 3617761C275777C000509772 /* ErrorParser.swift */; };
		3617761F275777FE00509772 /* DataRequest.swift in Sources */ = {isa = PBXBuildFile; fileRef = 3617761E275777FE00509772 /* DataRequest.swift */; };
		361776212757789700509772 /* AbstractRequestFactory.swift in Sources */ = {isa = PBXBuildFile; fileRef = 361776202757789700509772 /* AbstractRequestFactory.swift */; };
		36177623275778E000509772 /* RequestRouter.swift in Sources */ = {isa = PBXBuildFile; fileRef = 36177622275778E000509772 /* RequestRouter.swift */; };
		361776252757796600509772 /* LoginResult.swift in Sources */ = {isa = PBXBuildFile; fileRef = 361776242757796600509772 /* LoginResult.swift */; };
		361776272757797300509772 /* UserResult.swift in Sources */ = {isa = PBXBuildFile; fileRef = 361776262757797300509772 /* UserResult.swift */; };
		3617762A275779DF00509772 /* AuthRequestFactory.swift in Sources */ = {isa = PBXBuildFile; fileRef = 36177629275779DF00509772 /* AuthRequestFactory.swift */; };
		3617762C27577A4700509772 /* Auth.swift in Sources */ = {isa = PBXBuildFile; fileRef = 3617762B27577A4700509772 /* Auth.swift */; };
		3617762E27577A9200509772 /* RequestFactory.swift in Sources */ = {isa = PBXBuildFile; fileRef = 3617762D27577A9200509772 /* RequestFactory.swift */; };
		361776302757817800509772 /* PositiveResult.swift in Sources */ = {isa = PBXBuildFile; fileRef = 3617762F2757817800509772 /* PositiveResult.swift */; };
		36177632275781DC00509772 /* RegisterResult.swift in Sources */ = {isa = PBXBuildFile; fileRef = 36177631275781DC00509772 /* RegisterResult.swift */; };
		36177634275792FE00509772 /* RegistrationRequestFactory.swift in Sources */ = {isa = PBXBuildFile; fileRef = 36177633275792FE00509772 /* RegistrationRequestFactory.swift */; };
		361776362757AC7200509772 /* Registration.swift in Sources */ = {isa = PBXBuildFile; fileRef = 361776352757AC7200509772 /* Registration.swift */; };
		3617763C2759454700509772 /* User.swift in Sources */ = {isa = PBXBuildFile; fileRef = 3617763B2759454700509772 /* User.swift */; };
		367864402751488F00E0786F /* AppDelegate.swift in Sources */ = {isa = PBXBuildFile; fileRef = 3678643F2751488F00E0786F /* AppDelegate.swift */; };
		367864422751488F00E0786F /* SceneDelegate.swift in Sources */ = {isa = PBXBuildFile; fileRef = 367864412751488F00E0786F /* SceneDelegate.swift */; };
		367864442751488F00E0786F /* ViewController.swift in Sources */ = {isa = PBXBuildFile; fileRef = 367864432751488F00E0786F /* ViewController.swift */; };
		367864472751488F00E0786F /* Main.storyboard in Resources */ = {isa = PBXBuildFile; fileRef = 367864452751488F00E0786F /* Main.storyboard */; };
		367864492751489600E0786F /* Assets.xcassets in Resources */ = {isa = PBXBuildFile; fileRef = 367864482751489600E0786F /* Assets.xcassets */; };
		3678644C2751489600E0786F /* LaunchScreen.storyboard in Resources */ = {isa = PBXBuildFile; fileRef = 3678644A2751489600E0786F /* LaunchScreen.storyboard */; };
		367864572751489700E0786F /* GBShopTests.swift in Sources */ = {isa = PBXBuildFile; fileRef = 367864562751489700E0786F /* GBShopTests.swift */; };
		367864612751489700E0786F /* GBShopUITests.swift in Sources */ = {isa = PBXBuildFile; fileRef = 367864602751489700E0786F /* GBShopUITests.swift */; };
		367864632751489700E0786F /* GBShopUITestsLaunchTests.swift in Sources */ = {isa = PBXBuildFile; fileRef = 367864622751489700E0786F /* GBShopUITestsLaunchTests.swift */; };
		367864792755522C00E0786F /* Alamofire in Frameworks */ = {isa = PBXBuildFile; productRef = 367864782755522C00E0786F /* Alamofire */; };
/* End PBXBuildFile section */

/* Begin PBXContainerItemProxy section */
		367864532751489700E0786F /* PBXContainerItemProxy */ = {
			isa = PBXContainerItemProxy;
			containerPortal = 367864342751488F00E0786F /* Project object */;
			proxyType = 1;
			remoteGlobalIDString = 3678643B2751488F00E0786F;
			remoteInfo = GBShop;
		};
		3678645D2751489700E0786F /* PBXContainerItemProxy */ = {
			isa = PBXContainerItemProxy;
			containerPortal = 367864342751488F00E0786F /* Project object */;
			proxyType = 1;
			remoteGlobalIDString = 3678643B2751488F00E0786F;
			remoteInfo = GBShop;
		};
/* End PBXContainerItemProxy section */

/* Begin PBXFileReference section */
		3617761A2757774E00509772 /* AbstractErrorParser.swift */ = {isa = PBXFileReference; lastKnownFileType = sourcecode.swift; path = AbstractErrorParser.swift; sourceTree = "<group>"; };
		3617761C275777C000509772 /* ErrorParser.swift */ = {isa = PBXFileReference; lastKnownFileType = sourcecode.swift; path = ErrorParser.swift; sourceTree = "<group>"; };
		3617761E275777FE00509772 /* DataRequest.swift */ = {isa = PBXFileReference; lastKnownFileType = sourcecode.swift; path = DataRequest.swift; sourceTree = "<group>"; };
		361776202757789700509772 /* AbstractRequestFactory.swift */ = {isa = PBXFileReference; lastKnownFileType = sourcecode.swift; path = AbstractRequestFactory.swift; sourceTree = "<group>"; };
		36177622275778E000509772 /* RequestRouter.swift */ = {isa = PBXFileReference; lastKnownFileType = sourcecode.swift; path = RequestRouter.swift; sourceTree = "<group>"; };
		361776242757796600509772 /* LoginResult.swift */ = {isa = PBXFileReference; lastKnownFileType = sourcecode.swift; path = LoginResult.swift; sourceTree = "<group>"; };
		361776262757797300509772 /* UserResult.swift */ = {isa = PBXFileReference; lastKnownFileType = sourcecode.swift; path = UserResult.swift; sourceTree = "<group>"; };
		36177629275779DF00509772 /* AuthRequestFactory.swift */ = {isa = PBXFileReference; lastKnownFileType = sourcecode.swift; path = AuthRequestFactory.swift; sourceTree = "<group>"; };
		3617762B27577A4700509772 /* Auth.swift */ = {isa = PBXFileReference; lastKnownFileType = sourcecode.swift; path = Auth.swift; sourceTree = "<group>"; };
		3617762D27577A9200509772 /* RequestFactory.swift */ = {isa = PBXFileReference; lastKnownFileType = sourcecode.swift; path = RequestFactory.swift; sourceTree = "<group>"; };
		3617762F2757817800509772 /* PositiveResult.swift */ = {isa = PBXFileReference; lastKnownFileType = sourcecode.swift; path = PositiveResult.swift; sourceTree = "<group>"; };
		36177631275781DC00509772 /* RegisterResult.swift */ = {isa = PBXFileReference; lastKnownFileType = sourcecode.swift; path = RegisterResult.swift; sourceTree = "<group>"; };
		36177633275792FE00509772 /* RegistrationRequestFactory.swift */ = {isa = PBXFileReference; lastKnownFileType = sourcecode.swift; path = RegistrationRequestFactory.swift; sourceTree = "<group>"; };
		361776352757AC7200509772 /* Registration.swift */ = {isa = PBXFileReference; lastKnownFileType = sourcecode.swift; path = Registration.swift; sourceTree = "<group>"; };
		3617763B2759454700509772 /* User.swift */ = {isa = PBXFileReference; lastKnownFileType = sourcecode.swift; path = User.swift; sourceTree = "<group>"; };
		3678643C2751488F00E0786F /* GBShop.app */ = {isa = PBXFileReference; explicitFileType = wrapper.application; includeInIndex = 0; path = GBShop.app; sourceTree = BUILT_PRODUCTS_DIR; };
		3678643F2751488F00E0786F /* AppDelegate.swift */ = {isa = PBXFileReference; lastKnownFileType = sourcecode.swift; path = AppDelegate.swift; sourceTree = "<group>"; };
		367864412751488F00E0786F /* SceneDelegate.swift */ = {isa = PBXFileReference; lastKnownFileType = sourcecode.swift; path = SceneDelegate.swift; sourceTree = "<group>"; };
		367864432751488F00E0786F /* ViewController.swift */ = {isa = PBXFileReference; lastKnownFileType = sourcecode.swift; path = ViewController.swift; sourceTree = "<group>"; };
		367864462751488F00E0786F /* Base */ = {isa = PBXFileReference; lastKnownFileType = file.storyboard; name = Base; path = Base.lproj/Main.storyboard; sourceTree = "<group>"; };
		367864482751489600E0786F /* Assets.xcassets */ = {isa = PBXFileReference; lastKnownFileType = folder.assetcatalog; path = Assets.xcassets; sourceTree = "<group>"; };
		3678644B2751489600E0786F /* Base */ = {isa = PBXFileReference; lastKnownFileType = file.storyboard; name = Base; path = Base.lproj/LaunchScreen.storyboard; sourceTree = "<group>"; };
		3678644D2751489600E0786F /* Info.plist */ = {isa = PBXFileReference; lastKnownFileType = text.plist.xml; path = Info.plist; sourceTree = "<group>"; };
		367864522751489700E0786F /* GBShopTests.xctest */ = {isa = PBXFileReference; explicitFileType = wrapper.cfbundle; includeInIndex = 0; path = GBShopTests.xctest; sourceTree = BUILT_PRODUCTS_DIR; };
		367864562751489700E0786F /* GBShopTests.swift */ = {isa = PBXFileReference; lastKnownFileType = sourcecode.swift; path = GBShopTests.swift; sourceTree = "<group>"; };
		3678645C2751489700E0786F /* GBShopUITests.xctest */ = {isa = PBXFileReference; explicitFileType = wrapper.cfbundle; includeInIndex = 0; path = GBShopUITests.xctest; sourceTree = BUILT_PRODUCTS_DIR; };
		367864602751489700E0786F /* GBShopUITests.swift */ = {isa = PBXFileReference; lastKnownFileType = sourcecode.swift; path = GBShopUITests.swift; sourceTree = "<group>"; };
		367864622751489700E0786F /* GBShopUITestsLaunchTests.swift */ = {isa = PBXFileReference; lastKnownFileType = sourcecode.swift; path = GBShopUITestsLaunchTests.swift; sourceTree = "<group>"; };
/* End PBXFileReference section */

/* Begin PBXFrameworksBuildPhase section */
		367864392751488F00E0786F /* Frameworks */ = {
			isa = PBXFrameworksBuildPhase;
			buildActionMask = 2147483647;
			files = (
				367864792755522C00E0786F /* Alamofire in Frameworks */,
			);
			runOnlyForDeploymentPostprocessing = 0;
		};
		3678644F2751489700E0786F /* Frameworks */ = {
			isa = PBXFrameworksBuildPhase;
			buildActionMask = 2147483647;
			files = (
			);
			runOnlyForDeploymentPostprocessing = 0;
		};
		367864592751489700E0786F /* Frameworks */ = {
			isa = PBXFrameworksBuildPhase;
			buildActionMask = 2147483647;
			files = (
			);
			runOnlyForDeploymentPostprocessing = 0;
		};
/* End PBXFrameworksBuildPhase section */

/* Begin PBXGroup section */
		361776192757771700509772 /* Network */ = {
			isa = PBXGroup;
			children = (
				3617761A2757774E00509772 /* AbstractErrorParser.swift */,
				3617761C275777C000509772 /* ErrorParser.swift */,
				3617761E275777FE00509772 /* DataRequest.swift */,
				361776202757789700509772 /* AbstractRequestFactory.swift */,
				36177622275778E000509772 /* RequestRouter.swift */,
			);
			path = Network;
			sourceTree = "<group>";
		};
		36177628275779C400509772 /* Network */ = {
			isa = PBXGroup;
			children = (
				36177629275779DF00509772 /* AuthRequestFactory.swift */,
				3617762B27577A4700509772 /* Auth.swift */,
				3617762D27577A9200509772 /* RequestFactory.swift */,
				36177633275792FE00509772 /* RegistrationRequestFactory.swift */,
				361776352757AC7200509772 /* Registration.swift */,
			);
			path = Network;
			sourceTree = "<group>";
		};
		367864332751488F00E0786F = {
			isa = PBXGroup;
			children = (
				3678643E2751488F00E0786F /* GBShop */,
				367864552751489700E0786F /* GBShopTests */,
				3678645F2751489700E0786F /* GBShopUITests */,
				3678643D2751488F00E0786F /* Products */,
			);
			sourceTree = "<group>";
		};
		3678643D2751488F00E0786F /* Products */ = {
			isa = PBXGroup;
			children = (
				3678643C2751488F00E0786F /* GBShop.app */,
				367864522751489700E0786F /* GBShopTests.xctest */,
				3678645C2751489700E0786F /* GBShopUITests.xctest */,
			);
			name = Products;
			sourceTree = "<group>";
		};
		3678643E2751488F00E0786F /* GBShop */ = {
			isa = PBXGroup;
			children = (
				3678646F2752498400E0786F /* App */,
				36786474275249E900E0786F /* Core */,
				3678647627524A0400E0786F /* Environments */,
				36786475275249F600E0786F /* Resources */,
			);
			path = GBShop;
			sourceTree = "<group>";
		};
		367864552751489700E0786F /* GBShopTests */ = {
			isa = PBXGroup;
			children = (
				367864562751489700E0786F /* GBShopTests.swift */,
			);
			path = GBShopTests;
			sourceTree = "<group>";
		};
		3678645F2751489700E0786F /* GBShopUITests */ = {
			isa = PBXGroup;
			children = (
				367864602751489700E0786F /* GBShopUITests.swift */,
				367864622751489700E0786F /* GBShopUITestsLaunchTests.swift */,
			);
			path = GBShopUITests;
			sourceTree = "<group>";
		};
		3678646F2752498400E0786F /* App */ = {
			isa = PBXGroup;
			children = (
				367864702752499800E0786F /* BusinessLogic */,
				36786471275249B400E0786F /* Entity */,
				36786472275249C600E0786F /* Assembly */,
				36786473275249D900E0786F /* Flows */,
				3678643F2751488F00E0786F /* AppDelegate.swift */,
				367864412751488F00E0786F /* SceneDelegate.swift */,
				367864432751488F00E0786F /* ViewController.swift */,
			);
			path = App;
			sourceTree = "<group>";
		};
		367864702752499800E0786F /* BusinessLogic */ = {
			isa = PBXGroup;
			children = (
				36177628275779C400509772 /* Network */,
			);
			path = BusinessLogic;
			sourceTree = "<group>";
		};
		36786471275249B400E0786F /* Entity */ = {
			isa = PBXGroup;
			children = (
				361776242757796600509772 /* LoginResult.swift */,
				361776262757797300509772 /* UserResult.swift */,
				3617762F2757817800509772 /* PositiveResult.swift */,
				36177631275781DC00509772 /* RegisterResult.swift */,
				3617763B2759454700509772 /* User.swift */,
			);
			path = Entity;
			sourceTree = "<group>";
		};
		36786472275249C600E0786F /* Assembly */ = {
			isa = PBXGroup;
			children = (
			);
			path = Assembly;
			sourceTree = "<group>";
		};
		36786473275249D900E0786F /* Flows */ = {
			isa = PBXGroup;
			children = (
			);
			path = Flows;
			sourceTree = "<group>";
		};
		36786474275249E900E0786F /* Core */ = {
			isa = PBXGroup;
			children = (
				361776192757771700509772 /* Network */,
			);
			path = Core;
			sourceTree = "<group>";
		};
		36786475275249F600E0786F /* Resources */ = {
			isa = PBXGroup;
			children = (
				3678644A2751489600E0786F /* LaunchScreen.storyboard */,
				367864452751488F00E0786F /* Main.storyboard */,
				367864482751489600E0786F /* Assets.xcassets */,
			);
			path = Resources;
			sourceTree = "<group>";
		};
		3678647627524A0400E0786F /* Environments */ = {
			isa = PBXGroup;
			children = (
				3678644D2751489600E0786F /* Info.plist */,
			);
			path = Environments;
			sourceTree = "<group>";
		};
/* End PBXGroup section */

/* Begin PBXNativeTarget section */
		3678643B2751488F00E0786F /* GBShop */ = {
			isa = PBXNativeTarget;
			buildConfigurationList = 367864662751489700E0786F /* Build configuration list for PBXNativeTarget "GBShop" */;
			buildPhases = (
				367864382751488F00E0786F /* Sources */,
				367864392751488F00E0786F /* Frameworks */,
				3678643A2751488F00E0786F /* Resources */,
			);
			buildRules = (
			);
			dependencies = (
			);
			name = GBShop;
			packageProductDependencies = (
				367864782755522C00E0786F /* Alamofire */,
			);
			productName = GBShop;
			productReference = 3678643C2751488F00E0786F /* GBShop.app */;
			productType = "com.apple.product-type.application";
		};
		367864512751489700E0786F /* GBShopTests */ = {
			isa = PBXNativeTarget;
			buildConfigurationList = 367864692751489700E0786F /* Build configuration list for PBXNativeTarget "GBShopTests" */;
			buildPhases = (
				3678644E2751489700E0786F /* Sources */,
				3678644F2751489700E0786F /* Frameworks */,
				367864502751489700E0786F /* Resources */,
			);
			buildRules = (
			);
			dependencies = (
				367864542751489700E0786F /* PBXTargetDependency */,
			);
			name = GBShopTests;
			productName = GBShopTests;
			productReference = 367864522751489700E0786F /* GBShopTests.xctest */;
			productType = "com.apple.product-type.bundle.unit-test";
		};
		3678645B2751489700E0786F /* GBShopUITests */ = {
			isa = PBXNativeTarget;
			buildConfigurationList = 3678646C2751489700E0786F /* Build configuration list for PBXNativeTarget "GBShopUITests" */;
			buildPhases = (
				367864582751489700E0786F /* Sources */,
				367864592751489700E0786F /* Frameworks */,
				3678645A2751489700E0786F /* Resources */,
			);
			buildRules = (
			);
			dependencies = (
				3678645E2751489700E0786F /* PBXTargetDependency */,
			);
			name = GBShopUITests;
			productName = GBShopUITests;
			productReference = 3678645C2751489700E0786F /* GBShopUITests.xctest */;
			productType = "com.apple.product-type.bundle.ui-testing";
		};
/* End PBXNativeTarget section */

/* Begin PBXProject section */
		367864342751488F00E0786F /* Project object */ = {
			isa = PBXProject;
			attributes = {
				BuildIndependentTargetsInParallel = 1;
				LastSwiftUpdateCheck = 1310;
				LastUpgradeCheck = 1310;
				TargetAttributes = {
					3678643B2751488F00E0786F = {
						CreatedOnToolsVersion = 13.1;
					};
					367864512751489700E0786F = {
						CreatedOnToolsVersion = 13.1;
						TestTargetID = 3678643B2751488F00E0786F;
					};
					3678645B2751489700E0786F = {
						CreatedOnToolsVersion = 13.1;
						TestTargetID = 3678643B2751488F00E0786F;
					};
				};
			};
			buildConfigurationList = 367864372751488F00E0786F /* Build configuration list for PBXProject "GBShop" */;
			compatibilityVersion = "Xcode 13.0";
			developmentRegion = en;
			hasScannedForEncodings = 0;
			knownRegions = (
				en,
				Base,
			);
			mainGroup = 367864332751488F00E0786F;
			packageReferences = (
				367864772755522C00E0786F /* XCRemoteSwiftPackageReference "Alamofire" */,
			);
			productRefGroup = 3678643D2751488F00E0786F /* Products */;
			projectDirPath = "";
			projectRoot = "";
			targets = (
				3678643B2751488F00E0786F /* GBShop */,
				367864512751489700E0786F /* GBShopTests */,
				3678645B2751489700E0786F /* GBShopUITests */,
			);
		};
/* End PBXProject section */

/* Begin PBXResourcesBuildPhase section */
		3678643A2751488F00E0786F /* Resources */ = {
			isa = PBXResourcesBuildPhase;
			buildActionMask = 2147483647;
			files = (
				3678644C2751489600E0786F /* LaunchScreen.storyboard in Resources */,
				367864492751489600E0786F /* Assets.xcassets in Resources */,
				367864472751488F00E0786F /* Main.storyboard in Resources */,
			);
			runOnlyForDeploymentPostprocessing = 0;
		};
		367864502751489700E0786F /* Resources */ = {
			isa = PBXResourcesBuildPhase;
			buildActionMask = 2147483647;
			files = (
			);
			runOnlyForDeploymentPostprocessing = 0;
		};
		3678645A2751489700E0786F /* Resources */ = {
			isa = PBXResourcesBuildPhase;
			buildActionMask = 2147483647;
			files = (
			);
			runOnlyForDeploymentPostprocessing = 0;
		};
/* End PBXResourcesBuildPhase section */

/* Begin PBXSourcesBuildPhase section */
		367864382751488F00E0786F /* Sources */ = {
			isa = PBXSourcesBuildPhase;
			buildActionMask = 2147483647;
			files = (
				3617762A275779DF00509772 /* AuthRequestFactory.swift in Sources */,
				36177623275778E000509772 /* RequestRouter.swift in Sources */,
				361776302757817800509772 /* PositiveResult.swift in Sources */,
				361776212757789700509772 /* AbstractRequestFactory.swift in Sources */,
				3617762E27577A9200509772 /* RequestFactory.swift in Sources */,
				3617761D275777C000509772 /* ErrorParser.swift in Sources */,
				367864442751488F00E0786F /* ViewController.swift in Sources */,
				367864402751488F00E0786F /* AppDelegate.swift in Sources */,
				3617761F275777FE00509772 /* DataRequest.swift in Sources */,
				36177632275781DC00509772 /* RegisterResult.swift in Sources */,
				361776252757796600509772 /* LoginResult.swift in Sources */,
				361776362757AC7200509772 /* Registration.swift in Sources */,
				367864422751488F00E0786F /* SceneDelegate.swift in Sources */,
				361776272757797300509772 /* UserResult.swift in Sources */,
				3617763C2759454700509772 /* User.swift in Sources */,
				36177634275792FE00509772 /* RegistrationRequestFactory.swift in Sources */,
				3617761B2757774E00509772 /* AbstractErrorParser.swift in Sources */,
				3617762C27577A4700509772 /* Auth.swift in Sources */,
			);
			runOnlyForDeploymentPostprocessing = 0;
		};
		3678644E2751489700E0786F /* Sources */ = {
			isa = PBXSourcesBuildPhase;
			buildActionMask = 2147483647;
			files = (
				367864572751489700E0786F /* GBShopTests.swift in Sources */,
			);
			runOnlyForDeploymentPostprocessing = 0;
		};
		367864582751489700E0786F /* Sources */ = {
			isa = PBXSourcesBuildPhase;
			buildActionMask = 2147483647;
			files = (
				367864612751489700E0786F /* GBShopUITests.swift in Sources */,
				367864632751489700E0786F /* GBShopUITestsLaunchTests.swift in Sources */,
			);
			runOnlyForDeploymentPostprocessing = 0;
		};
/* End PBXSourcesBuildPhase section */

/* Begin PBXTargetDependency section */
		367864542751489700E0786F /* PBXTargetDependency */ = {
			isa = PBXTargetDependency;
			target = 3678643B2751488F00E0786F /* GBShop */;
			targetProxy = 367864532751489700E0786F /* PBXContainerItemProxy */;
		};
		3678645E2751489700E0786F /* PBXTargetDependency */ = {
			isa = PBXTargetDependency;
			target = 3678643B2751488F00E0786F /* GBShop */;
			targetProxy = 3678645D2751489700E0786F /* PBXContainerItemProxy */;
		};
/* End PBXTargetDependency section */

/* Begin PBXVariantGroup section */
		367864452751488F00E0786F /* Main.storyboard */ = {
			isa = PBXVariantGroup;
			children = (
				367864462751488F00E0786F /* Base */,
			);
			name = Main.storyboard;
			sourceTree = "<group>";
		};
		3678644A2751489600E0786F /* LaunchScreen.storyboard */ = {
			isa = PBXVariantGroup;
			children = (
				3678644B2751489600E0786F /* Base */,
			);
			name = LaunchScreen.storyboard;
			sourceTree = "<group>";
		};
/* End PBXVariantGroup section */

/* Begin XCBuildConfiguration section */
		367864642751489700E0786F /* Debug */ = {
			isa = XCBuildConfiguration;
			buildSettings = {
				ALWAYS_SEARCH_USER_PATHS = NO;
				CLANG_ANALYZER_NONNULL = YES;
				CLANG_ANALYZER_NUMBER_OBJECT_CONVERSION = YES_AGGRESSIVE;
				CLANG_CXX_LANGUAGE_STANDARD = "gnu++17";
				CLANG_CXX_LIBRARY = "libc++";
				CLANG_ENABLE_MODULES = YES;
				CLANG_ENABLE_OBJC_ARC = YES;
				CLANG_ENABLE_OBJC_WEAK = YES;
				CLANG_WARN_BLOCK_CAPTURE_AUTORELEASING = YES;
				CLANG_WARN_BOOL_CONVERSION = YES;
				CLANG_WARN_COMMA = YES;
				CLANG_WARN_CONSTANT_CONVERSION = YES;
				CLANG_WARN_DEPRECATED_OBJC_IMPLEMENTATIONS = YES;
				CLANG_WARN_DIRECT_OBJC_ISA_USAGE = YES_ERROR;
				CLANG_WARN_DOCUMENTATION_COMMENTS = YES;
				CLANG_WARN_EMPTY_BODY = YES;
				CLANG_WARN_ENUM_CONVERSION = YES;
				CLANG_WARN_INFINITE_RECURSION = YES;
				CLANG_WARN_INT_CONVERSION = YES;
				CLANG_WARN_NON_LITERAL_NULL_CONVERSION = YES;
				CLANG_WARN_OBJC_IMPLICIT_RETAIN_SELF = YES;
				CLANG_WARN_OBJC_LITERAL_CONVERSION = YES;
				CLANG_WARN_OBJC_ROOT_CLASS = YES_ERROR;
				CLANG_WARN_QUOTED_INCLUDE_IN_FRAMEWORK_HEADER = YES;
				CLANG_WARN_RANGE_LOOP_ANALYSIS = YES;
				CLANG_WARN_STRICT_PROTOTYPES = YES;
				CLANG_WARN_SUSPICIOUS_MOVE = YES;
				CLANG_WARN_UNGUARDED_AVAILABILITY = YES_AGGRESSIVE;
				CLANG_WARN_UNREACHABLE_CODE = YES;
				CLANG_WARN__DUPLICATE_METHOD_MATCH = YES;
				COPY_PHASE_STRIP = NO;
				DEBUG_INFORMATION_FORMAT = dwarf;
				ENABLE_STRICT_OBJC_MSGSEND = YES;
				ENABLE_TESTABILITY = YES;
				GCC_C_LANGUAGE_STANDARD = gnu11;
				GCC_DYNAMIC_NO_PIC = NO;
				GCC_NO_COMMON_BLOCKS = YES;
				GCC_OPTIMIZATION_LEVEL = 0;
				GCC_PREPROCESSOR_DEFINITIONS = (
					"DEBUG=1",
					"$(inherited)",
				);
				GCC_WARN_64_TO_32_BIT_CONVERSION = YES;
				GCC_WARN_ABOUT_RETURN_TYPE = YES_ERROR;
				GCC_WARN_UNDECLARED_SELECTOR = YES;
				GCC_WARN_UNINITIALIZED_AUTOS = YES_AGGRESSIVE;
				GCC_WARN_UNUSED_FUNCTION = YES;
				GCC_WARN_UNUSED_VARIABLE = YES;
				IPHONEOS_DEPLOYMENT_TARGET = 15.0;
				MTL_ENABLE_DEBUG_INFO = INCLUDE_SOURCE;
				MTL_FAST_MATH = YES;
				ONLY_ACTIVE_ARCH = YES;
				SDKROOT = iphoneos;
				SWIFT_ACTIVE_COMPILATION_CONDITIONS = DEBUG;
				SWIFT_OPTIMIZATION_LEVEL = "-Onone";
			};
			name = Debug;
		};
		367864652751489700E0786F /* Release */ = {
			isa = XCBuildConfiguration;
			buildSettings = {
				ALWAYS_SEARCH_USER_PATHS = NO;
				CLANG_ANALYZER_NONNULL = YES;
				CLANG_ANALYZER_NUMBER_OBJECT_CONVERSION = YES_AGGRESSIVE;
				CLANG_CXX_LANGUAGE_STANDARD = "gnu++17";
				CLANG_CXX_LIBRARY = "libc++";
				CLANG_ENABLE_MODULES = YES;
				CLANG_ENABLE_OBJC_ARC = YES;
				CLANG_ENABLE_OBJC_WEAK = YES;
				CLANG_WARN_BLOCK_CAPTURE_AUTORELEASING = YES;
				CLANG_WARN_BOOL_CONVERSION = YES;
				CLANG_WARN_COMMA = YES;
				CLANG_WARN_CONSTANT_CONVERSION = YES;
				CLANG_WARN_DEPRECATED_OBJC_IMPLEMENTATIONS = YES;
				CLANG_WARN_DIRECT_OBJC_ISA_USAGE = YES_ERROR;
				CLANG_WARN_DOCUMENTATION_COMMENTS = YES;
				CLANG_WARN_EMPTY_BODY = YES;
				CLANG_WARN_ENUM_CONVERSION = YES;
				CLANG_WARN_INFINITE_RECURSION = YES;
				CLANG_WARN_INT_CONVERSION = YES;
				CLANG_WARN_NON_LITERAL_NULL_CONVERSION = YES;
				CLANG_WARN_OBJC_IMPLICIT_RETAIN_SELF = YES;
				CLANG_WARN_OBJC_LITERAL_CONVERSION = YES;
				CLANG_WARN_OBJC_ROOT_CLASS = YES_ERROR;
				CLANG_WARN_QUOTED_INCLUDE_IN_FRAMEWORK_HEADER = YES;
				CLANG_WARN_RANGE_LOOP_ANALYSIS = YES;
				CLANG_WARN_STRICT_PROTOTYPES = YES;
				CLANG_WARN_SUSPICIOUS_MOVE = YES;
				CLANG_WARN_UNGUARDED_AVAILABILITY = YES_AGGRESSIVE;
				CLANG_WARN_UNREACHABLE_CODE = YES;
				CLANG_WARN__DUPLICATE_METHOD_MATCH = YES;
				COPY_PHASE_STRIP = NO;
				DEBUG_INFORMATION_FORMAT = "dwarf-with-dsym";
				ENABLE_NS_ASSERTIONS = NO;
				ENABLE_STRICT_OBJC_MSGSEND = YES;
				GCC_C_LANGUAGE_STANDARD = gnu11;
				GCC_NO_COMMON_BLOCKS = YES;
				GCC_WARN_64_TO_32_BIT_CONVERSION = YES;
				GCC_WARN_ABOUT_RETURN_TYPE = YES_ERROR;
				GCC_WARN_UNDECLARED_SELECTOR = YES;
				GCC_WARN_UNINITIALIZED_AUTOS = YES_AGGRESSIVE;
				GCC_WARN_UNUSED_FUNCTION = YES;
				GCC_WARN_UNUSED_VARIABLE = YES;
				IPHONEOS_DEPLOYMENT_TARGET = 15.0;
				MTL_ENABLE_DEBUG_INFO = NO;
				MTL_FAST_MATH = YES;
				SDKROOT = iphoneos;
				SWIFT_COMPILATION_MODE = wholemodule;
				SWIFT_OPTIMIZATION_LEVEL = "-O";
				VALIDATE_PRODUCT = YES;
			};
			name = Release;
		};
		367864672751489700E0786F /* Debug */ = {
			isa = XCBuildConfiguration;
			buildSettings = {
				ASSETCATALOG_COMPILER_APPICON_NAME = AppIcon;
				ASSETCATALOG_COMPILER_GLOBAL_ACCENT_COLOR_NAME = AccentColor;
				CODE_SIGN_STYLE = Automatic;
				CURRENT_PROJECT_VERSION = 1;
				DEVELOPMENT_TEAM = PA4RR5KXXR;
				GENERATE_INFOPLIST_FILE = YES;
				INFOPLIST_FILE = GBShop/Environments/Info.plist;
				INFOPLIST_KEY_UIApplicationSupportsIndirectInputEvents = YES;
				INFOPLIST_KEY_UILaunchStoryboardName = LaunchScreen;
				INFOPLIST_KEY_UIMainStoryboardFile = Main;
				INFOPLIST_KEY_UISupportedInterfaceOrientations_iPad = "UIInterfaceOrientationPortrait UIInterfaceOrientationPortraitUpsideDown UIInterfaceOrientationLandscapeLeft UIInterfaceOrientationLandscapeRight";
				INFOPLIST_KEY_UISupportedInterfaceOrientations_iPhone = "UIInterfaceOrientationPortrait UIInterfaceOrientationLandscapeLeft UIInterfaceOrientationLandscapeRight";
				LD_RUNPATH_SEARCH_PATHS = (
					"$(inherited)",
					"@executable_path/Frameworks",
				);
				MARKETING_VERSION = 1.0;
				PRODUCT_BUNDLE_IDENTIFIER = ru.net.dnk.GBShop;
				PRODUCT_NAME = "$(TARGET_NAME)";
				SWIFT_EMIT_LOC_STRINGS = YES;
				SWIFT_VERSION = 5.0;
				TARGETED_DEVICE_FAMILY = "1,2";
			};
			name = Debug;
		};
		367864682751489700E0786F /* Release */ = {
			isa = XCBuildConfiguration;
			buildSettings = {
				ASSETCATALOG_COMPILER_APPICON_NAME = AppIcon;
				ASSETCATALOG_COMPILER_GLOBAL_ACCENT_COLOR_NAME = AccentColor;
				CODE_SIGN_STYLE = Automatic;
				CURRENT_PROJECT_VERSION = 1;
				DEVELOPMENT_TEAM = PA4RR5KXXR;
				GENERATE_INFOPLIST_FILE = YES;
				INFOPLIST_FILE = GBShop/Environments/Info.plist;
				INFOPLIST_KEY_UIApplicationSupportsIndirectInputEvents = YES;
				INFOPLIST_KEY_UILaunchStoryboardName = LaunchScreen;
				INFOPLIST_KEY_UIMainStoryboardFile = Main;
				INFOPLIST_KEY_UISupportedInterfaceOrientations_iPad = "UIInterfaceOrientationPortrait UIInterfaceOrientationPortraitUpsideDown UIInterfaceOrientationLandscapeLeft UIInterfaceOrientationLandscapeRight";
				INFOPLIST_KEY_UISupportedInterfaceOrientations_iPhone = "UIInterfaceOrientationPortrait UIInterfaceOrientationLandscapeLeft UIInterfaceOrientationLandscapeRight";
				LD_RUNPATH_SEARCH_PATHS = (
					"$(inherited)",
					"@executable_path/Frameworks",
				);
				MARKETING_VERSION = 1.0;
				PRODUCT_BUNDLE_IDENTIFIER = ru.net.dnk.GBShop;
				PRODUCT_NAME = "$(TARGET_NAME)";
				SWIFT_EMIT_LOC_STRINGS = YES;
				SWIFT_VERSION = 5.0;
				TARGETED_DEVICE_FAMILY = "1,2";
			};
			name = Release;
		};
		3678646A2751489700E0786F /* Debug */ = {
			isa = XCBuildConfiguration;
			buildSettings = {
				ALWAYS_EMBED_SWIFT_STANDARD_LIBRARIES = YES;
				BUNDLE_LOADER = "$(TEST_HOST)";
				CODE_SIGN_STYLE = Automatic;
				CURRENT_PROJECT_VERSION = 1;
				DEVELOPMENT_TEAM = PA4RR5KXXR;
				GENERATE_INFOPLIST_FILE = YES;
				IPHONEOS_DEPLOYMENT_TARGET = 15.0;
				LD_RUNPATH_SEARCH_PATHS = (
					"$(inherited)",
					"@executable_path/Frameworks",
					"@loader_path/Frameworks",
				);
				MARKETING_VERSION = 1.0;
				PRODUCT_BUNDLE_IDENTIFIER = ru.net.dnk.GBShopTests;
				PRODUCT_NAME = "$(TARGET_NAME)";
				SWIFT_EMIT_LOC_STRINGS = NO;
				SWIFT_VERSION = 5.0;
				TARGETED_DEVICE_FAMILY = "1,2";
				TEST_HOST = "$(BUILT_PRODUCTS_DIR)/GBShop.app/GBShop";
			};
			name = Debug;
		};
		3678646B2751489700E0786F /* Release */ = {
			isa = XCBuildConfiguration;
			buildSettings = {
				ALWAYS_EMBED_SWIFT_STANDARD_LIBRARIES = YES;
				BUNDLE_LOADER = "$(TEST_HOST)";
				CODE_SIGN_STYLE = Automatic;
				CURRENT_PROJECT_VERSION = 1;
				DEVELOPMENT_TEAM = PA4RR5KXXR;
				GENERATE_INFOPLIST_FILE = YES;
				IPHONEOS_DEPLOYMENT_TARGET = 15.0;
				LD_RUNPATH_SEARCH_PATHS = (
					"$(inherited)",
					"@executable_path/Frameworks",
					"@loader_path/Frameworks",
				);
				MARKETING_VERSION = 1.0;
				PRODUCT_BUNDLE_IDENTIFIER = ru.net.dnk.GBShopTests;
				PRODUCT_NAME = "$(TARGET_NAME)";
				SWIFT_EMIT_LOC_STRINGS = NO;
				SWIFT_VERSION = 5.0;
				TARGETED_DEVICE_FAMILY = "1,2";
				TEST_HOST = "$(BUILT_PRODUCTS_DIR)/GBShop.app/GBShop";
			};
			name = Release;
		};
		3678646D2751489700E0786F /* Debug */ = {
			isa = XCBuildConfiguration;
			buildSettings = {
				ALWAYS_EMBED_SWIFT_STANDARD_LIBRARIES = YES;
				CODE_SIGN_STYLE = Automatic;
				CURRENT_PROJECT_VERSION = 1;
				DEVELOPMENT_TEAM = PA4RR5KXXR;
				GENERATE_INFOPLIST_FILE = YES;
				LD_RUNPATH_SEARCH_PATHS = (
					"$(inherited)",
					"@executable_path/Frameworks",
					"@loader_path/Frameworks",
				);
				MARKETING_VERSION = 1.0;
				PRODUCT_BUNDLE_IDENTIFIER = ru.net.dnk.GBShopUITests;
				PRODUCT_NAME = "$(TARGET_NAME)";
				SWIFT_EMIT_LOC_STRINGS = NO;
				SWIFT_VERSION = 5.0;
				TARGETED_DEVICE_FAMILY = "1,2";
				TEST_TARGET_NAME = GBShop;
			};
			name = Debug;
		};
		3678646E2751489700E0786F /* Release */ = {
			isa = XCBuildConfiguration;
			buildSettings = {
				ALWAYS_EMBED_SWIFT_STANDARD_LIBRARIES = YES;
				CODE_SIGN_STYLE = Automatic;
				CURRENT_PROJECT_VERSION = 1;
				DEVELOPMENT_TEAM = PA4RR5KXXR;
				GENERATE_INFOPLIST_FILE = YES;
				LD_RUNPATH_SEARCH_PATHS = (
					"$(inherited)",
					"@executable_path/Frameworks",
					"@loader_path/Frameworks",
				);
				MARKETING_VERSION = 1.0;
				PRODUCT_BUNDLE_IDENTIFIER = ru.net.dnk.GBShopUITests;
				PRODUCT_NAME = "$(TARGET_NAME)";
				SWIFT_EMIT_LOC_STRINGS = NO;
				SWIFT_VERSION = 5.0;
				TARGETED_DEVICE_FAMILY = "1,2";
				TEST_TARGET_NAME = GBShop;
			};
			name = Release;
		};
/* End XCBuildConfiguration section */

/* Begin XCConfigurationList section */
		367864372751488F00E0786F /* Build configuration list for PBXProject "GBShop" */ = {
			isa = XCConfigurationList;
			buildConfigurations = (
				367864642751489700E0786F /* Debug */,
				367864652751489700E0786F /* Release */,
			);
			defaultConfigurationIsVisible = 0;
			defaultConfigurationName = Release;
		};
		367864662751489700E0786F /* Build configuration list for PBXNativeTarget "GBShop" */ = {
			isa = XCConfigurationList;
			buildConfigurations = (
				367864672751489700E0786F /* Debug */,
				367864682751489700E0786F /* Release */,
			);
			defaultConfigurationIsVisible = 0;
			defaultConfigurationName = Release;
		};
		367864692751489700E0786F /* Build configuration list for PBXNativeTarget "GBShopTests" */ = {
			isa = XCConfigurationList;
			buildConfigurations = (
				3678646A2751489700E0786F /* Debug */,
				3678646B2751489700E0786F /* Release */,
			);
			defaultConfigurationIsVisible = 0;
			defaultConfigurationName = Release;
		};
		3678646C2751489700E0786F /* Build configuration list for PBXNativeTarget "GBShopUITests" */ = {
			isa = XCConfigurationList;
			buildConfigurations = (
				3678646D2751489700E0786F /* Debug */,
				3678646E2751489700E0786F /* Release */,
			);
			defaultConfigurationIsVisible = 0;
			defaultConfigurationName = Release;
		};
/* End XCConfigurationList section */

/* Begin XCRemoteSwiftPackageReference section */
		367864772755522C00E0786F /* XCRemoteSwiftPackageReference "Alamofire" */ = {
			isa = XCRemoteSwiftPackageReference;
			repositoryURL = "https://github.com/Alamofire/Alamofire.git";
			requirement = {
				kind = upToNextMajorVersion;
				minimumVersion = 5.0.0;
			};
		};
/* End XCRemoteSwiftPackageReference section */

/* Begin XCSwiftPackageProductDependency section */
		367864782755522C00E0786F /* Alamofire */ = {
			isa = XCSwiftPackageProductDependency;
			package = 367864772755522C00E0786F /* XCRemoteSwiftPackageReference "Alamofire" */;
			productName = Alamofire;
		};
/* End XCSwiftPackageProductDependency section */
	};
	rootObject = 367864342751488F00E0786F /* Project object */;
}
